Microsoft Visual Studio Solution File, Format Version 11.00
# Visual Studio 2008

Project("{8795D93F-6295-C9FB-E664-27AE9A11F701}") = "Console 2--RTS", "Assembly-CSharp-vs.csproj", "{F28B398A-3CEF-4990-BAF7-6012834F5960}"
EndProject
Project("{8795D93F-6295-C9FB-E664-27AE9A11F701}") = "Console 2--RTS", "Assembly-CSharp-Editor-vs.csproj", "{67B49EC9-9611-5914-CA23-281F17F0E6D1}"
EndProject
Global
	GlobalSection(SolutionConfigurationPlatforms) = preSolution
		Debug|Any CPU = Debug|Any CPU
		Release|Any CPU = Release|Any CPU
	EndGlobalSection
	GlobalSection(ProjectConfigurationPlatforms) = postSolution
		{F28B398A-3CEF-4990-BAF7-6012834F5960}.Debug|Any CPU.ActiveCfg = Debug|Any CPU
		{F28B398A-3CEF-4990-BAF7-6012834F5960}.Debug|Any CPU.Build.0 = Debug|Any CPU
		{F28B398A-3CEF-4990-BAF7-6012834F5960}.Release|Any CPU.ActiveCfg = Release|Any CPU
		{F28B398A-3CEF-4990-BAF7-6012834F5960}.Release|Any CPU.Build.0 = Release|Any CPU
		{67B49EC9-9611-5914-CA23-281F17F0E6D1}.Debug|Any CPU.ActiveCfg = Debug|Any CPU
		{67B49EC9-9611-5914-CA23-281F17F0E6D1}.Debug|Any CPU.Build.0 = Debug|Any CPU
		{67B49EC9-9611-5914-CA23-281F17F0E6D1}.Release|Any CPU.ActiveCfg = Release|Any CPU
		{67B49EC9-9611-5914-CA23-281F17F0E6D1}.Release|Any CPU.Build.0 = Release|Any CPU
	EndGlobalSection
	GlobalSection(SolutionProperties) = preSolution
		HideSolutionNode = FALSE
	EndGlobalSection
																										GlobalSection(MonoDevelopProperties) = preSolution
		StartupItem = Assembly-CSharp.csproj
		Policies = $0
		$0.TextStylePolicy = $1
		$1.inheritsSet = null
		$1.scope = text/x-csharp
		$0.CSharpFormattingPolicy = $2
		$2.inheritsSet = Mono
		$2.inheritsScope = text/x-csharp
		$2.scope = text/x-csharp
		$0.TextStylePolicy = $3
		$3.FileWidth = 120
		$3.TabWidth = 4
		$3.IndentWidth = 4
		$3.EolMarker = Unix
		$3.inheritsSet = Mono
		$3.inheritsScope = text/plain
		$3.scope = text/plain
	EndGlobalSection

EndGlobal
